
Microsoft Visual Studio Solution File, Format Version 12.00
# Visual Studio 2012
Project("{8BC9CEB8-8B4A-11D0-8D11-00A0C91BC942}") = "Graph_Cut", "Graph_Cut.vcxproj", "{458E1359-3442-456E-A4AC-759C34C6C8F7}"
EndProject
Global
	GlobalSection(SolutionConfigurationPlatforms) = preSolution
		Debug|Win32 = Debug|Win32
		Debug|x64 = Debug|x64
		Debug-emu|Win32 = Debug-emu|Win32
		Debug-emu|x64 = Debug-emu|x64
		Debug-sim|Win32 = Debug-sim|Win32
		Debug-sim|x64 = Debug-sim|x64
		Release|Win32 = Release|Win32
		Release|x64 = Release|x64
		Release-emu|Win32 = Release-emu|Win32
		Release-emu|x64 = Release-emu|x64
		Release-sim|Win32 = Release-sim|Win32
		Release-sim|x64 = Release-sim|x64
	EndGlobalSection
	GlobalSection(ProjectConfigurationPlatforms) = postSolution
		{458E1359-3442-456E-A4AC-759C34C6C8F7}.Debug|Win32.ActiveCfg = Debug|Win32
		{458E1359-3442-456E-A4AC-759C34C6C8F7}.Debug|Win32.Build.0 = Debug|Win32
		{458E1359-3442-456E-A4AC-759C34C6C8F7}.Debug|x64.ActiveCfg = Debug|x64
		{458E1359-3442-456E-A4AC-759C34C6C8F7}.Debug|x64.Build.0 = Debug|x64
		{458E1359-3442-456E-A4AC-759C34C6C8F7}.Debug-emu|Win32.ActiveCfg = Debug-emu|Win32
		{458E1359-3442-456E-A4AC-759C34C6C8F7}.Debug-emu|Win32.Build.0 = Debug-emu|Win32
		{458E1359-3442-456E-A4AC-759C34C6C8F7}.Debug-emu|x64.ActiveCfg = Debug-emu|x64
		{458E1359-3442-456E-A4AC-759C34C6C8F7}.Debug-emu|x64.Build.0 = Debug-emu|x64
		{458E1359-3442-456E-A4AC-759C34C6C8F7}.Debug-sim|Win32.ActiveCfg = Debug-sim|Win32
		{458E1359-3442-456E-A4AC-759C34C6C8F7}.Debug-sim|Win32.Build.0 = Debug-sim|Win32
		{458E1359-3442-456E-A4AC-759C34C6C8F7}.Debug-sim|x64.ActiveCfg = Debug-sim|x64
		{458E1359-3442-456E-A4AC-759C34C6C8F7}.Debug-sim|x64.Build.0 = Debug-sim|x64
		{458E1359-3442-456E-A4AC-759C34C6C8F7}.Release|Win32.ActiveCfg = Release|Win32
		{458E1359-3442-456E-A4AC-759C34C6C8F7}.Release|Win32.Build.0 = Release|Win32
		{458E1359-3442-456E-A4AC-759C34C6C8F7}.Release|x64.ActiveCfg = Release|x64
		{458E1359-3442-456E-A4AC-759C34C6C8F7}.Release|x64.Build.0 = Release|x64
		{458E1359-3442-456E-A4AC-759C34C6C8F7}.Release-emu|Win32.ActiveCfg = Release-emu|Win32
		{458E1359-3442-456E-A4AC-759C34C6C8F7}.Release-emu|Win32.Build.0 = Release-emu|Win32
		{458E1359-3442-456E-A4AC-759C34C6C8F7}.Release-emu|x64.ActiveCfg = Release-emu|x64
		{458E1359-3442-456E-A4AC-759C34C6C8F7}.Release-emu|x64.Build.0 = Release-emu|x64
		{458E1359-3442-456E-A4AC-759C34C6C8F7}.Release-sim|Win32.ActiveCfg = Release-sim|Win32
		{458E1359-3442-456E-A4AC-759C34C6C8F7}.Release-sim|Win32.Build.0 = Release-sim|Win32
		{458E1359-3442-456E-A4AC-759C34C6C8F7}.Release-sim|x64.ActiveCfg = Release-sim|x64
		{458E1359-3442-456E-A4AC-759C34C6C8F7}.Release-sim|x64.Build.0 = Release-sim|x64
	EndGlobalSection
	GlobalSection(SolutionProperties) = preSolution
		HideSolutionNode = FALSE
	EndGlobalSection
EndGlobal
